// !$*UTF8*$!
{
	archiveVersion = 1;
	classes = {
	};
	objectVersion = 46;
	objects = {

/* Begin PBXBuildFile section */
		C36425DF1E263CB800D5B157 /* SVGMap.h in Headers */ = {isa = PBXBuildFile; fileRef = C36425DD1E263CB800D5B157 /* SVGMap.h */; settings = {ATTRIBUTES = (Public, ); }; };
		C3B505F41E27888600AF908D /* SVGMapView.swift in Sources */ = {isa = PBXBuildFile; fileRef = C3B505F31E27888600AF908D /* SVGMapView.swift */; };
		C3B505F61E27AD3D00AF908D /* SVGMapLabel.swift in Sources */ = {isa = PBXBuildFile; fileRef = C3B505F51E27AD3D00AF908D /* SVGMapLabel.swift */; };
		C3B505F81E27ADE000AF908D /* SVGMapData.swift in Sources */ = {isa = PBXBuildFile; fileRef = C3B505F71E27ADE000AF908D /* SVGMapData.swift */; };
		C3B505FA1E27B2CB00AF908D /* SVGMapPathElement.swift in Sources */ = {isa = PBXBuildFile; fileRef = C3B505F91E27B2CB00AF908D /* SVGMapPathElement.swift */; };
		C3B505FC1E27B3AF00AF908D /* SVGMapUtils.swift in Sources */ = {isa = PBXBuildFile; fileRef = C3B505FB1E27B3AF00AF908D /* SVGMapUtils.swift */; };
/* End PBXBuildFile section */

/* Begin PBXFileReference section */
		C36425D11E263BD500D5B157 /* SVGMap.framework */ = {isa = PBXFileReference; explicitFileType = wrapper.framework; includeInIndex = 0; path = SVGMap.framework; sourceTree = BUILT_PRODUCTS_DIR; };
		C36425DC1E263CB800D5B157 /* Info.plist */ = {isa = PBXFileReference; fileEncoding = 4; lastKnownFileType = text.plist.xml; name = Info.plist; path = Source/Info.plist; sourceTree = SOURCE_ROOT; };
		C36425DD1E263CB800D5B157 /* SVGMap.h */ = {isa = PBXFileReference; fileEncoding = 4; lastKnownFileType = sourcecode.c.h; name = SVGMap.h; path = Source/SVGMap.h; sourceTree = SOURCE_ROOT; };
		C3B505F31E27888600AF908D /* SVGMapView.swift */ = {isa = PBXFileReference; fileEncoding = 4; lastKnownFileType = sourcecode.swift; name = SVGMapView.swift; path = Source/SVGMapView.swift; sourceTree = SOURCE_ROOT; };
		C3B505F51E27AD3D00AF908D /* SVGMapLabel.swift */ = {isa = PBXFileReference; fileEncoding = 4; lastKnownFileType = sourcecode.swift; name = SVGMapLabel.swift; path = Source/SVGMapLabel.swift; sourceTree = SOURCE_ROOT; };
		C3B505F71E27ADE000AF908D /* SVGMapData.swift */ = {isa = PBXFileReference; fileEncoding = 4; lastKnownFileType = sourcecode.swift; name = SVGMapData.swift; path = Source/SVGMapData.swift; sourceTree = SOURCE_ROOT; };
		C3B505F91E27B2CB00AF908D /* SVGMapPathElement.swift */ = {isa = PBXFileReference; fileEncoding = 4; lastKnownFileType = sourcecode.swift; name = SVGMapPathElement.swift; path = Source/SVGMapPathElement.swift; sourceTree = SOURCE_ROOT; };
		C3B505FB1E27B3AF00AF908D /* SVGMapUtils.swift */ = {isa = PBXFileReference; fileEncoding = 4; lastKnownFileType = sourcecode.swift; name = SVGMapUtils.swift; path = Source/SVGMapUtils.swift; sourceTree = SOURCE_ROOT; };
/* End PBXFileReference section */

/* Begin PBXFrameworksBuildPhase section */
		C36425CD1E263BD500D5B157 /* Frameworks */ = {
			isa = PBXFrameworksBuildPhase;
			buildActionMask = 2147483647;
			files = (
			);
			runOnlyForDeploymentPostprocessing = 0;
		};
/* End PBXFrameworksBuildPhase section */

/* Begin PBXGroup section */
		C36425C71E263BD500D5B157 = {
			isa = PBXGroup;
			children = (
				C36425D31E263BD500D5B157 /* SVGMap */,
				C36425D21E263BD500D5B157 /* Products */,
			);
			sourceTree = "<group>";
		};
		C36425D21E263BD500D5B157 /* Products */ = {
			isa = PBXGroup;
			children = (
				C36425D11E263BD500D5B157 /* SVGMap.framework */,
			);
			name = Products;
			sourceTree = "<group>";
		};
		C36425D31E263BD500D5B157 /* SVGMap */ = {
			isa = PBXGroup;
			children = (
				C36425DC1E263CB800D5B157 /* Info.plist */,
				C36425DD1E263CB800D5B157 /* SVGMap.h */,
				C3B505F31E27888600AF908D /* SVGMapView.swift */,
				C3B505F51E27AD3D00AF908D /* SVGMapLabel.swift */,
				C3B505F71E27ADE000AF908D /* SVGMapData.swift */,
				C3B505F91E27B2CB00AF908D /* SVGMapPathElement.swift */,
				C3B505FB1E27B3AF00AF908D /* SVGMapUtils.swift */,
			);
			path = SVGMap;
			sourceTree = "<group>";
		};
/* End PBXGroup section */

/* Begin PBXHeadersBuildPhase section */
		C36425CE1E263BD500D5B157 /* Headers */ = {
			isa = PBXHeadersBuildPhase;
			buildActionMask = 2147483647;
			files = (
				C36425DF1E263CB800D5B157 /* SVGMap.h in Headers */,
			);
			runOnlyForDeploymentPostprocessing = 0;
		};
/* End PBXHeadersBuildPhase section */

/* Begin PBXNativeTarget section */
		C36425D01E263BD500D5B157 /* SVGMap */ = {
			isa = PBXNativeTarget;
			buildConfigurationList = C36425D91E263BD500D5B157 /* Build configuration list for PBXNativeTarget "SVGMap" */;
			buildPhases = (
				C36425CC1E263BD500D5B157 /* Sources */,
				C36425CD1E263BD500D5B157 /* Frameworks */,
				C36425CE1E263BD500D5B157 /* Headers */,
				C36425CF1E263BD500D5B157 /* Resources */,
			);
			buildRules = (
			);
			dependencies = (
			);
			name = SVGMap;
			productName = SVGMap;
			productReference = C36425D11E263BD500D5B157 /* SVGMap.framework */;
			productType = "com.apple.product-type.framework";
		};
/* End PBXNativeTarget section */

/* Begin PBXProject section */
		C36425C81E263BD500D5B157 /* Project object */ = {
			isa = PBXProject;
			attributes = {
				LastUpgradeCheck = 0820;
				ORGANIZATIONNAME = inloop;
				TargetAttributes = {
					C36425D01E263BD500D5B157 = {
						CreatedOnToolsVersion = 8.2.1;
						DevelopmentTeam = 74JL49Z2D8;
						LastSwiftMigration = 0820;
						ProvisioningStyle = Automatic;
					};
				};
			};
			buildConfigurationList = C36425CB1E263BD500D5B157 /* Build configuration list for PBXProject "SVGMap" */;
			compatibilityVersion = "Xcode 3.2";
			developmentRegion = English;
			hasScannedForEncodings = 0;
			knownRegions = (
				en,
			);
			mainGroup = C36425C71E263BD500D5B157;
			productRefGroup = C36425D21E263BD500D5B157 /* Products */;
			projectDirPath = "";
			projectRoot = "";
			targets = (
				C36425D01E263BD500D5B157 /* SVGMap */,
			);
		};
/* End PBXProject section */

/* Begin PBXResourcesBuildPhase section */
		C36425CF1E263BD500D5B157 /* Resources */ = {
			isa = PBXResourcesBuildPhase;
			buildActionMask = 2147483647;
			files = (
			);
			runOnlyForDeploymentPostprocessing = 0;
		};
/* End PBXResourcesBuildPhase section */

/* Begin PBXSourcesBuildPhase section */
		C36425CC1E263BD500D5B157 /* Sources */ = {
			isa = PBXSourcesBuildPhase;
			buildActionMask = 2147483647;
			files = (
				C3B505F61E27AD3D00AF908D /* SVGMapLabel.swift in Sources */,
				C3B505F41E27888600AF908D /* SVGMapView.swift in Sources */,
				C3B505FC1E27B3AF00AF908D /* SVGMapUtils.swift in Sources */,
				C3B505F81E27ADE000AF908D /* SVGMapData.swift in Sources */,
				C3B505FA1E27B2CB00AF908D /* SVGMapPathElement.swift in Sources */,
			);
			runOnlyForDeploymentPostprocessing = 0;
		};
/* End PBXSourcesBuildPhase section */

/* Begin XCBuildConfiguration section */
		C36425D71E263BD500D5B157 /* Debug */ = {
			isa = XCBuildConfiguration;
			buildSettings = {
				ALWAYS_SEARCH_USER_PATHS = NO;
				CLANG_ANALYZER_NONNULL = YES;
				CLANG_CXX_LANGUAGE_STANDARD = "gnu++0x";
				CLANG_CXX_LIBRARY = "libc++";
				CLANG_ENABLE_MODULES = YES;
				CLANG_ENABLE_OBJC_ARC = YES;
				CLANG_WARN_BOOL_CONVERSION = YES;
				CLANG_WARN_CONSTANT_CONVERSION = YES;
				CLANG_WARN_DIRECT_OBJC_ISA_USAGE = YES_ERROR;
				CLANG_WARN_DOCUMENTATION_COMMENTS = YES;
				CLANG_WARN_EMPTY_BODY = YES;
				CLANG_WARN_ENUM_CONVERSION = YES;
				CLANG_WARN_INFINITE_RECURSION = YES;
				CLANG_WARN_INT_CONVERSION = YES;
				CLANG_WARN_OBJC_ROOT_CLASS = YES_ERROR;
				CLANG_WARN_SUSPICIOUS_MOVE = YES;
				CLANG_WARN_UNREACHABLE_CODE = YES;
				CLANG_WARN__DUPLICATE_METHOD_MATCH = YES;
				"CODE_SIGN_IDENTITY[sdk=iphoneos*]" = "iPhone Developer";
				COPY_PHASE_STRIP = NO;
				CURRENT_PROJECT_VERSION = 1;
				DEBUG_INFORMATION_FORMAT = dwarf;
				ENABLE_STRICT_OBJC_MSGSEND = YES;
				ENABLE_TESTABILITY = YES;
				GCC_C_LANGUAGE_STANDARD = gnu99;
				GCC_DYNAMIC_NO_PIC = NO;
				GCC_NO_COMMON_BLOCKS = YES;
				GCC_OPTIMIZATION_LEVEL = 0;
				GCC_PREPROCESSOR_DEFINITIONS = (
					"DEBUG=1",
					"$(inherited)",
				);
				GCC_WARN_64_TO_32_BIT_CONVERSION = YES;
				GCC_WARN_ABOUT_RETURN_TYPE = YES_ERROR;
				GCC_WARN_UNDECLARED_SELECTOR = YES;
				GCC_WARN_UNINITIALIZED_AUTOS = YES_AGGRESSIVE;
				GCC_WARN_UNUSED_FUNCTION = YES;
				GCC_WARN_UNUSED_VARIABLE = YES;
				IPHONEOS_DEPLOYMENT_TARGET = 10.2;
				MTL_ENABLE_DEBUG_INFO = YES;
				ONLY_ACTIVE_ARCH = YES;
				SDKROOT = iphoneos;
				SWIFT_ACTIVE_COMPILATION_CONDITIONS = DEBUG;
				SWIFT_OPTIMIZATION_LEVEL = "-Onone";
				TARGETED_DEVICE_FAMILY = "1,2";
				VERSIONING_SYSTEM = "apple-generic";
				VERSION_INFO_PREFIX = "";
			};
			name = Debug;
		};
		C36425D81E263BD500D5B157 /* Release */ = {
			isa = XCBuildConfiguration;
			buildSettings = {
				ALWAYS_SEARCH_USER_PATHS = NO;
				CLANG_ANALYZER_NONNULL = YES;
				CLANG_CXX_LANGUAGE_STANDARD = "gnu++0x";
				CLANG_CXX_LIBRARY = "libc++";
				CLANG_ENABLE_MODULES = YES;
				CLANG_ENABLE_OBJC_ARC = YES;
				CLANG_WARN_BOOL_CONVERSION = YES;
				CLANG_WARN_CONSTANT_CONVERSION = YES;
				CLANG_WARN_DIRECT_OBJC_ISA_USAGE = YES_ERROR;
				CLANG_WARN_DOCUMENTATION_COMMENTS = YES;
				CLANG_WARN_EMPTY_BODY = YES;
				CLANG_WARN_ENUM_CONVERSION = YES;
				CLANG_WARN_INFINITE_RECURSION = YES;
				CLANG_WARN_INT_CONVERSION = YES;
				CLANG_WARN_OBJC_ROOT_CLASS = YES_ERROR;
				CLANG_WARN_SUSPICIOUS_MOVE = YES;
				CLANG_WARN_UNREACHABLE_CODE = YES;
				CLANG_WARN__DUPLICATE_METHOD_MATCH = YES;
				"CODE_SIGN_IDENTITY[sdk=iphoneos*]" = "iPhone Developer";
				COPY_PHASE_STRIP = NO;
				CURRENT_PROJECT_VERSION = 1;
				DEBUG_INFORMATION_FORMAT = "dwarf-with-dsym";
				ENABLE_NS_ASSERTIONS = NO;
				ENABLE_STRICT_OBJC_MSGSEND = YES;
				GCC_C_LANGUAGE_STANDARD = gnu99;
				GCC_NO_COMMON_BLOCKS = YES;
				GCC_WARN_64_TO_32_BIT_CONVERSION = YES;
				GCC_WARN_ABOUT_RETURN_TYPE = YES_ERROR;
				GCC_WARN_UNDECLARED_SELECTOR = YES;
				GCC_WARN_UNINITIALIZED_AUTOS = YES_AGGRESSIVE;
				GCC_WARN_UNUSED_FUNCTION = YES;
				GCC_WARN_UNUSED_VARIABLE = YES;
				IPHONEOS_DEPLOYMENT_TARGET = 10.2;
				MTL_ENABLE_DEBUG_INFO = NO;
				SDKROOT = iphoneos;
				SWIFT_OPTIMIZATION_LEVEL = "-Owholemodule";
				TARGETED_DEVICE_FAMILY = "1,2";
				VALIDATE_PRODUCT = YES;
				VERSIONING_SYSTEM = "apple-generic";
				VERSION_INFO_PREFIX = "";
			};
			name = Release;
		};
		C36425DA1E263BD500D5B157 /* Debug */ = {
			isa = XCBuildConfiguration;
			buildSettings = {
				CLANG_ENABLE_MODULES = YES;
				CODE_SIGN_IDENTITY = "";
				DEFINES_MODULE = YES;
				DEVELOPMENT_TEAM = 74JL49Z2D8;
				DYLIB_COMPATIBILITY_VERSION = 1;
				DYLIB_CURRENT_VERSION = 1;
				DYLIB_INSTALL_NAME_BASE = "@rpath";
				INFOPLIST_FILE = "$(SRCROOT)/Source/Info.plist";
				INSTALL_PATH = "$(LOCAL_LIBRARY_DIR)/Frameworks";
				LD_RUNPATH_SEARCH_PATHS = "$(inherited) @executable_path/Frameworks @loader_path/Frameworks";
				PRODUCT_BUNDLE_IDENTIFIER = eu.inloop.SVGMap;
				PRODUCT_NAME = "$(TARGET_NAME)";
				SKIP_INSTALL = YES;
				SWIFT_OPTIMIZATION_LEVEL = "-Onone";
				SWIFT_VERSION = 3.0;
			};
			name = Debug;
		};
		C36425DB1E263BD500D5B157 /* Release */ = {
			isa = XCBuildConfiguration;
			buildSettings = {
				CLANG_ENABLE_MODULES = YES;
				CODE_SIGN_IDENTITY = "";
				DEFINES_MODULE = YES;
				DEVELOPMENT_TEAM = 74JL49Z2D8;
				DYLIB_COMPATIBILITY_VERSION = 1;
				DYLIB_CURRENT_VERSION = 1;
				DYLIB_INSTALL_NAME_BASE = "@rpath";
				INFOPLIST_FILE = "$(SRCROOT)/Source/Info.plist";
				INSTALL_PATH = "$(LOCAL_LIBRARY_DIR)/Frameworks";
				LD_RUNPATH_SEARCH_PATHS = "$(inherited) @executable_path/Frameworks @loader_path/Frameworks";
				PRODUCT_BUNDLE_IDENTIFIER = eu.inloop.SVGMap;
				PRODUCT_NAME = "$(TARGET_NAME)";
				SKIP_INSTALL = YES;
				SWIFT_VERSION = 3.0;
			};
			name = Release;
		};
/* End XCBuildConfiguration section */

/* Begin XCConfigurationList section */
		C36425CB1E263BD500D5B157 /* Build configuration list for PBXProject "SVGMap" */ = {
			isa = XCConfigurationList;
			buildConfigurations = (
				C36425D71E263BD500D5B157 /* Debug */,
				C36425D81E263BD500D5B157 /* Release */,
			);
			defaultConfigurationIsVisible = 0;
			defaultConfigurationName = Release;
		};
		C36425D91E263BD500D5B157 /* Build configuration list for PBXNativeTarget "SVGMap" */ = {
			isa = XCConfigurationList;
			buildConfigurations = (
				C36425DA1E263BD500D5B157 /* Debug */,
				C36425DB1E263BD500D5B157 /* Release */,
			);
			defaultConfigurationIsVisible = 0;
			defaultConfigurationName = Release;
		};
/* End XCConfigurationList section */
	};
	rootObject = C36425C81E263BD500D5B157 /* Project object */;
}
